
Microsoft Visual Studio Solution File, Format Version 12.00
# Visual Studio Version 16
VisualStudioVersion = 16.0.30114.105
MinimumVisualStudioVersion = 10.0.40219.1
Project("{FAE04EC0-301F-11D3-BF4B-00C04F79EFBC}") = "OnlinePhotoUI", "OnlinePhotoUI\OnlinePhotoUI.csproj", "{BCAA11F4-C5F0-46DD-ADBF-D91749EC25D6}"
EndProject
Global
	GlobalSection(SolutionConfigurationPlatforms) = preSolution
		Debug|Any CPU = Debug|Any CPU
		Release|Any CPU = Release|Any CPU
	EndGlobalSection
	GlobalSection(ProjectConfigurationPlatforms) = postSolution
		{BCAA11F4-C5F0-46DD-ADBF-D91749EC25D6}.Debug|Any CPU.ActiveCfg = Debug|Any CPU
		{BCAA11F4-C5F0-46DD-ADBF-D91749EC25D6}.Debug|Any CPU.Build.0 = Debug|Any CPU
		{BCAA11F4-C5F0-46DD-ADBF-D91749EC25D6}.Release|Any CPU.ActiveCfg = Release|Any CPU
		{BCAA11F4-C5F0-46DD-ADBF-D91749EC25D6}.Release|Any CPU.Build.0 = Release|Any CPU
	EndGlobalSection
	GlobalSection(SolutionProperties) = preSolution
		HideSolutionNode = FALSE
	EndGlobalSection
	GlobalSection(ExtensibilityGlobals) = postSolution
		SolutionGuid = {14FD39B5-5DA4-4F0E-ACB5-F2206419C050}
	EndGlobalSection
EndGlobal
